
Microsoft Visual Studio Solution File, Format Version 12.00
# Visual Studio 15
VisualStudioVersion = 15.0.28307.271
MinimumVisualStudioVersion = 10.0.40219.1
Project("{FAE04EC0-301F-11D3-BF4B-00C04F79EFBC}") = "Xadrez-console", "Xadrez-console\Xadrez-console.csproj", "{2479523D-F1E1-47FE-AC50-365EBE9EF420}"
EndProject
Global
	GlobalSection(SolutionConfigurationPlatforms) = preSolution
		Debug|Any CPU = Debug|Any CPU
		Release|Any CPU = Release|Any CPU
	EndGlobalSection
	GlobalSection(ProjectConfigurationPlatforms) = postSolution
		{2479523D-F1E1-47FE-AC50-365EBE9EF420}.Debug|Any CPU.ActiveCfg = Debug|Any CPU
		{2479523D-F1E1-47FE-AC50-365EBE9EF420}.Debug|Any CPU.Build.0 = Debug|Any CPU
		{2479523D-F1E1-47FE-AC50-365EBE9EF420}.Release|Any CPU.ActiveCfg = Release|Any CPU
		{2479523D-F1E1-47FE-AC50-365EBE9EF420}.Release|Any CPU.Build.0 = Release|Any CPU
	EndGlobalSection
	GlobalSection(SolutionProperties) = preSolution
		HideSolutionNode = FALSE
	EndGlobalSection
	GlobalSection(ExtensibilityGlobals) = postSolution
		SolutionGuid = {5DE75856-A6A1-4F64-91B7-2522CA0FC9F9}
	EndGlobalSection
EndGlobal
